
Microsoft Visual Studio Solution File, Format Version 12.00
# Visual Studio Version 17
VisualStudioVersion = 17.14.36603.0 d17.14
MinimumVisualStudioVersion = 10.0.40219.1
Project("{FAE04EC0-301F-11D3-BF4B-00C04F79EFBC}") = "BooseAPI", "BooseAPI.csproj", "{0A89097C-4D55-C25E-1262-265A70335970}"
EndProject
Global
	GlobalSection(SolutionConfigurationPlatforms) = preSolution
		Debug|Any CPU = Debug|Any CPU
		Release|Any CPU = Release|Any CPU
	EndGlobalSection
	GlobalSection(ProjectConfigurationPlatforms) = postSolution
		{0A89097C-4D55-C25E-1262-265A70335970}.Debug|Any CPU.ActiveCfg = Debug|Any CPU
		{0A89097C-4D55-C25E-1262-265A70335970}.Debug|Any CPU.Build.0 = Debug|Any CPU
		{0A89097C-4D55-C25E-1262-265A70335970}.Release|Any CPU.ActiveCfg = Release|Any CPU
		{0A89097C-4D55-C25E-1262-265A70335970}.Release|Any CPU.Build.0 = Release|Any CPU
	EndGlobalSection
	GlobalSection(SolutionProperties) = preSolution
		HideSolutionNode = FALSE
	EndGlobalSection
	GlobalSection(ExtensibilityGlobals) = postSolution
		SolutionGuid = {99863ACF-677B-41A5-AFFE-8E69322B6C1A}
	EndGlobalSection
EndGlobal
