
Microsoft Visual Studio Solution File, Format Version 12.00
# Visual Studio Version 17
VisualStudioVersion = 17.14.36603.0 d17.14
MinimumVisualStudioVersion = 10.0.40219.1
Project("{FAE04EC0-301F-11D3-BF4B-00C04F79EFBC}") = "ConsoleApplication1", "ConsoleApplication1\ConsoleApplication1.csproj", "{28B094E1-B3EC-4B1C-BC40-98AF0EE259CD}"
EndProject
Global
	GlobalSection(SolutionConfigurationPlatforms) = preSolution
		Debug|Any CPU = Debug|Any CPU
		Release|Any CPU = Release|Any CPU
	EndGlobalSection
	GlobalSection(ProjectConfigurationPlatforms) = postSolution
		{28B094E1-B3EC-4B1C-BC40-98AF0EE259CD}.Debug|Any CPU.ActiveCfg = Debug|Any CPU
		{28B094E1-B3EC-4B1C-BC40-98AF0EE259CD}.Debug|Any CPU.Build.0 = Debug|Any CPU
		{28B094E1-B3EC-4B1C-BC40-98AF0EE259CD}.Release|Any CPU.ActiveCfg = Release|Any CPU
		{28B094E1-B3EC-4B1C-BC40-98AF0EE259CD}.Release|Any CPU.Build.0 = Release|Any CPU
	EndGlobalSection
	GlobalSection(SolutionProperties) = preSolution
		HideSolutionNode = FALSE
	EndGlobalSection
	GlobalSection(ExtensibilityGlobals) = postSolution
		SolutionGuid = {5FC47812-8D76-4939-A56E-044857FE6E63}
	EndGlobalSection
EndGlobal
